
Microsoft Visual Studio Solution File, Format Version 12.00
# Visual Studio Version 16
VisualStudioVersion = 16.0.33027.164
MinimumVisualStudioVersion = 10.0.40219.1
Project("{FAE04EC0-301F-11D3-BF4B-00C04F79EFBC}") = "project 03", "project 03\project 03.csproj", "{B0EC51B8-8B0D-4FA5-9E4D-2F0943F2A043}"
EndProject
Global
	GlobalSection(SolutionConfigurationPlatforms) = preSolution
		Debug|Any CPU = Debug|Any CPU
		Release|Any CPU = Release|Any CPU
	EndGlobalSection
	GlobalSection(ProjectConfigurationPlatforms) = postSolution
		{B0EC51B8-8B0D-4FA5-9E4D-2F0943F2A043}.Debug|Any CPU.ActiveCfg = Debug|Any CPU
		{B0EC51B8-8B0D-4FA5-9E4D-2F0943F2A043}.Debug|Any CPU.Build.0 = Debug|Any CPU
		{B0EC51B8-8B0D-4FA5-9E4D-2F0943F2A043}.Release|Any CPU.ActiveCfg = Release|Any CPU
		{B0EC51B8-8B0D-4FA5-9E4D-2F0943F2A043}.Release|Any CPU.Build.0 = Release|Any CPU
	EndGlobalSection
	GlobalSection(SolutionProperties) = preSolution
		HideSolutionNode = FALSE
	EndGlobalSection
	GlobalSection(ExtensibilityGlobals) = postSolution
		SolutionGuid = {D4743B42-567F-4471-95AB-F05CAC11F540}
	EndGlobalSection
EndGlobal
